// !$*UTF8*$!
{
	archiveVersion = 1;
	classes = {
	};
	objectVersion = 50;
	objects = {

/* Begin PBXBuildFile section */
		2FE9EA3F7A06C967780BEEDA /* Pods_DemoBlog.framework in Frameworks */ = {isa = PBXBuildFile; fileRef = 8929DEF1B6A664F5BCC29484 /* Pods_DemoBlog.framework */; };
		4904000425B3631D00B6C7B5 /* Environment+Current.swift in Sources */ = {isa = PBXBuildFile; fileRef = 4904000125B3631D00B6C7B5 /* Environment+Current.swift */; };
		4904001125B363FD00B6C7B5 /* Environment.xcconfig in Resources */ = {isa = PBXBuildFile; fileRef = 4904001025B363FD00B6C7B5 /* Environment.xcconfig */; };
		4904FFED25B35FF000B6C7B5 /* DemoBlogApp.swift in Sources */ = {isa = PBXBuildFile; fileRef = 4904FFEC25B35FF000B6C7B5 /* DemoBlogApp.swift */; };
		4904FFEF25B35FF000B6C7B5 /* ContentView.swift in Sources */ = {isa = PBXBuildFile; fileRef = 4904FFEE25B35FF000B6C7B5 /* ContentView.swift */; };
		4904FFF125B35FF200B6C7B5 /* Assets.xcassets in Resources */ = {isa = PBXBuildFile; fileRef = 4904FFF025B35FF200B6C7B5 /* Assets.xcassets */; };
		4904FFF425B35FF200B6C7B5 /* Preview Assets.xcassets in Resources */ = {isa = PBXBuildFile; fileRef = 4904FFF325B35FF200B6C7B5 /* Preview Assets.xcassets */; };
		4904FFFD25B3600D00B6C7B5 /* Environment.swift in Sources */ = {isa = PBXBuildFile; fileRef = 4904FFFC25B3600D00B6C7B5 /* Environment.swift */; };
/* End PBXBuildFile section */

/* Begin PBXFileReference section */
		050D56E79E026683E0144E94 /* Pods-DemoBlog.release.xcconfig */ = {isa = PBXFileReference; includeInIndex = 1; lastKnownFileType = text.xcconfig; name = "Pods-DemoBlog.release.xcconfig"; path = "Target Support Files/Pods-DemoBlog/Pods-DemoBlog.release.xcconfig"; sourceTree = "<group>"; };
		4904000125B3631D00B6C7B5 /* Environment+Current.swift */ = {isa = PBXFileReference; fileEncoding = 4; lastKnownFileType = sourcecode.swift; path = "Environment+Current.swift"; sourceTree = "<group>"; };
		4904000225B3631D00B6C7B5 /* env.development.yml */ = {isa = PBXFileReference; fileEncoding = 4; lastKnownFileType = text.yaml; path = env.development.yml; sourceTree = "<group>"; };
		4904000E25B363A600B6C7B5 /* DemoAppDebug.xcconfig */ = {isa = PBXFileReference; lastKnownFileType = text.xcconfig; path = DemoAppDebug.xcconfig; sourceTree = "<group>"; };
		4904000F25B363B500B6C7B5 /* DemoAppRelease.xcconfig */ = {isa = PBXFileReference; lastKnownFileType = text.xcconfig; path = DemoAppRelease.xcconfig; sourceTree = "<group>"; };
		4904001025B363FD00B6C7B5 /* Environment.xcconfig */ = {isa = PBXFileReference; fileEncoding = 4; lastKnownFileType = text.xcconfig; path = Environment.xcconfig; sourceTree = "<group>"; };
		4904FFE925B35FF000B6C7B5 /* DemoBlog.app */ = {isa = PBXFileReference; explicitFileType = wrapper.application; includeInIndex = 0; path = DemoBlog.app; sourceTree = BUILT_PRODUCTS_DIR; };
		4904FFEC25B35FF000B6C7B5 /* DemoBlogApp.swift */ = {isa = PBXFileReference; lastKnownFileType = sourcecode.swift; path = DemoBlogApp.swift; sourceTree = "<group>"; };
		4904FFEE25B35FF000B6C7B5 /* ContentView.swift */ = {isa = PBXFileReference; lastKnownFileType = sourcecode.swift; path = ContentView.swift; sourceTree = "<group>"; };
		4904FFF025B35FF200B6C7B5 /* Assets.xcassets */ = {isa = PBXFileReference; lastKnownFileType = folder.assetcatalog; path = Assets.xcassets; sourceTree = "<group>"; };
		4904FFF325B35FF200B6C7B5 /* Preview Assets.xcassets */ = {isa = PBXFileReference; lastKnownFileType = folder.assetcatalog; path = "Preview Assets.xcassets"; sourceTree = "<group>"; };
		4904FFF525B35FF200B6C7B5 /* Info.plist */ = {isa = PBXFileReference; lastKnownFileType = text.plist.xml; path = Info.plist; sourceTree = "<group>"; };
		4904FFFC25B3600D00B6C7B5 /* Environment.swift */ = {isa = PBXFileReference; lastKnownFileType = sourcecode.swift; path = Environment.swift; sourceTree = "<group>"; };
		8929DEF1B6A664F5BCC29484 /* Pods_DemoBlog.framework */ = {isa = PBXFileReference; explicitFileType = wrapper.framework; includeInIndex = 0; path = Pods_DemoBlog.framework; sourceTree = BUILT_PRODUCTS_DIR; };
		E4547E7F9BE6D6A060B8737C /* Pods-DemoBlog.debug.xcconfig */ = {isa = PBXFileReference; includeInIndex = 1; lastKnownFileType = text.xcconfig; name = "Pods-DemoBlog.debug.xcconfig"; path = "Target Support Files/Pods-DemoBlog/Pods-DemoBlog.debug.xcconfig"; sourceTree = "<group>"; };
/* End PBXFileReference section */

/* Begin PBXFrameworksBuildPhase section */
		4904FFE625B35FF000B6C7B5 /* Frameworks */ = {
			isa = PBXFrameworksBuildPhase;
			buildActionMask = 2147483647;
			files = (
				2FE9EA3F7A06C967780BEEDA /* Pods_DemoBlog.framework in Frameworks */,
			);
			runOnlyForDeploymentPostprocessing = 0;
		};
/* End PBXFrameworksBuildPhase section */

/* Begin PBXGroup section */
		4904000D25B3638D00B6C7B5 /* BuildConfig */ = {
			isa = PBXGroup;
			children = (
				4904001025B363FD00B6C7B5 /* Environment.xcconfig */,
				4904000E25B363A600B6C7B5 /* DemoAppDebug.xcconfig */,
				4904000F25B363B500B6C7B5 /* DemoAppRelease.xcconfig */,
			);
			path = BuildConfig;
			sourceTree = "<group>";
		};
		4904FFE025B35FF000B6C7B5 = {
			isa = PBXGroup;
			children = (
				4904FFEB25B35FF000B6C7B5 /* DemoBlog */,
				4904FFEA25B35FF000B6C7B5 /* Products */,
				E4379F85954A0FB702C558E8 /* Pods */,
				CC604BD95BA5BE4098A010E2 /* Frameworks */,
			);
			sourceTree = "<group>";
		};
		4904FFEA25B35FF000B6C7B5 /* Products */ = {
			isa = PBXGroup;
			children = (
				4904FFE925B35FF000B6C7B5 /* DemoBlog.app */,
			);
			name = Products;
			sourceTree = "<group>";
		};
		4904FFEB25B35FF000B6C7B5 /* DemoBlog */ = {
			isa = PBXGroup;
			children = (
				4904000D25B3638D00B6C7B5 /* BuildConfig */,
				4904FFEC25B35FF000B6C7B5 /* DemoBlogApp.swift */,
				4904FFEE25B35FF000B6C7B5 /* ContentView.swift */,
				4904FFF025B35FF200B6C7B5 /* Assets.xcassets */,
				4904FFF525B35FF200B6C7B5 /* Info.plist */,
				4904FFF225B35FF200B6C7B5 /* Preview Content */,
				4904FFFF25B3631D00B6C7B5 /* Environment */,
			);
			path = DemoBlog;
			sourceTree = "<group>";
		};
		4904FFF225B35FF200B6C7B5 /* Preview Content */ = {
			isa = PBXGroup;
			children = (
				4904FFF325B35FF200B6C7B5 /* Preview Assets.xcassets */,
			);
			path = "Preview Content";
			sourceTree = "<group>";
		};
		4904FFFF25B3631D00B6C7B5 /* Environment */ = {
			isa = PBXGroup;
			children = (
				4904FFFC25B3600D00B6C7B5 /* Environment.swift */,
				4904000125B3631D00B6C7B5 /* Environment+Current.swift */,
				4904000225B3631D00B6C7B5 /* env.development.yml */,
			);
			path = Environment;
			sourceTree = "<group>";
		};
		CC604BD95BA5BE4098A010E2 /* Frameworks */ = {
			isa = PBXGroup;
			children = (
				8929DEF1B6A664F5BCC29484 /* Pods_DemoBlog.framework */,
			);
			name = Frameworks;
			sourceTree = "<group>";
		};
		E4379F85954A0FB702C558E8 /* Pods */ = {
			isa = PBXGroup;
			children = (
				E4547E7F9BE6D6A060B8737C /* Pods-DemoBlog.debug.xcconfig */,
				050D56E79E026683E0144E94 /* Pods-DemoBlog.release.xcconfig */,
			);
			path = Pods;
			sourceTree = "<group>";
		};
/* End PBXGroup section */

/* Begin PBXNativeTarget section */
		4904FFE825B35FF000B6C7B5 /* DemoBlog */ = {
			isa = PBXNativeTarget;
			buildConfigurationList = 4904FFF825B35FF200B6C7B5 /* Build configuration list for PBXNativeTarget "DemoBlog" */;
			buildPhases = (
				605D57264026508DDEEFF45B /* [CP] Check Pods Manifest.lock */,
				4904FFE525B35FF000B6C7B5 /* Sources */,
				4904FFE625B35FF000B6C7B5 /* Frameworks */,
				4904FFE725B35FF000B6C7B5 /* Resources */,
			);
			buildRules = (
			);
			dependencies = (
			);
			name = DemoBlog;
			productName = DemoBlog;
			productReference = 4904FFE925B35FF000B6C7B5 /* DemoBlog.app */;
			productType = "com.apple.product-type.application";
		};
/* End PBXNativeTarget section */

/* Begin PBXProject section */
		4904FFE125B35FF000B6C7B5 /* Project object */ = {
			isa = PBXProject;
			attributes = {
				LastSwiftUpdateCheck = 1220;
				LastUpgradeCheck = 1220;
				TargetAttributes = {
					4904FFE825B35FF000B6C7B5 = {
						CreatedOnToolsVersion = 12.2;
					};
				};
			};
			buildConfigurationList = 4904FFE425B35FF000B6C7B5 /* Build configuration list for PBXProject "DemoBlog" */;
			compatibilityVersion = "Xcode 9.3";
			developmentRegion = en;
			hasScannedForEncodings = 0;
			knownRegions = (
				en,
				Base,
			);
			mainGroup = 4904FFE025B35FF000B6C7B5;
			productRefGroup = 4904FFEA25B35FF000B6C7B5 /* Products */;
			projectDirPath = "";
			projectRoot = "";
			targets = (
				4904FFE825B35FF000B6C7B5 /* DemoBlog */,
			);
		};
/* End PBXProject section */

/* Begin PBXResourcesBuildPhase section */
		4904FFE725B35FF000B6C7B5 /* Resources */ = {
			isa = PBXResourcesBuildPhase;
			buildActionMask = 2147483647;
			files = (
				4904001125B363FD00B6C7B5 /* Environment.xcconfig in Resources */,
				4904FFF425B35FF200B6C7B5 /* Preview Assets.xcassets in Resources */,
				4904FFF125B35FF200B6C7B5 /* Assets.xcassets in Resources */,
			);
			runOnlyForDeploymentPostprocessing = 0;
		};
/* End PBXResourcesBuildPhase section */

/* Begin PBXShellScriptBuildPhase section */
		605D57264026508DDEEFF45B /* [CP] Check Pods Manifest.lock */ = {
			isa = PBXShellScriptBuildPhase;
			buildActionMask = 2147483647;
			files = (
			);
			inputFileListPaths = (
			);
			inputPaths = (
				"${PODS_PODFILE_DIR_PATH}/Podfile.lock",
				"${PODS_ROOT}/Manifest.lock",
			);
			name = "[CP] Check Pods Manifest.lock";
			outputFileListPaths = (
			);
			outputPaths = (
				"$(DERIVED_FILE_DIR)/Pods-DemoBlog-checkManifestLockResult.txt",
			);
			runOnlyForDeploymentPostprocessing = 0;
			shellPath = /bin/sh;
			shellScript = "diff \"${PODS_PODFILE_DIR_PATH}/Podfile.lock\" \"${PODS_ROOT}/Manifest.lock\" > /dev/null\nif [ $? != 0 ] ; then\n    # print error to STDERR\n    echo \"error: The sandbox is not in sync with the Podfile.lock. Run 'pod install' or update your CocoaPods installation.\" >&2\n    exit 1\nfi\n# This output is used by Xcode 'outputs' to avoid re-running this script phase.\necho \"SUCCESS\" > \"${SCRIPT_OUTPUT_FILE_0}\"\n";
			showEnvVarsInLog = 0;
		};
/* End PBXShellScriptBuildPhase section */

/* Begin PBXSourcesBuildPhase section */
		4904FFE525B35FF000B6C7B5 /* Sources */ = {
			isa = PBXSourcesBuildPhase;
			buildActionMask = 2147483647;
			files = (
				4904FFEF25B35FF000B6C7B5 /* ContentView.swift in Sources */,
				4904FFFD25B3600D00B6C7B5 /* Environment.swift in Sources */,
				4904FFED25B35FF000B6C7B5 /* DemoBlogApp.swift in Sources */,
				4904000425B3631D00B6C7B5 /* Environment+Current.swift in Sources */,
			);
			runOnlyForDeploymentPostprocessing = 0;
		};
/* End PBXSourcesBuildPhase section */

/* Begin XCBuildConfiguration section */
		4904FFF625B35FF200B6C7B5 /* Debug */ = {
			isa = XCBuildConfiguration;
			buildSettings = {
				ALWAYS_SEARCH_USER_PATHS = NO;
				CLANG_ANALYZER_NONNULL = YES;
				CLANG_ANALYZER_NUMBER_OBJECT_CONVERSION = YES_AGGRESSIVE;
				CLANG_CXX_LANGUAGE_STANDARD = "gnu++14";
				CLANG_CXX_LIBRARY = "libc++";
				CLANG_ENABLE_MODULES = YES;
				CLANG_ENABLE_OBJC_ARC = YES;
				CLANG_ENABLE_OBJC_WEAK = YES;
				CLANG_WARN_BLOCK_CAPTURE_AUTORELEASING = YES;
				CLANG_WARN_BOOL_CONVERSION = YES;
				CLANG_WARN_COMMA = YES;
				CLANG_WARN_CONSTANT_CONVERSION = YES;
				CLANG_WARN_DEPRECATED_OBJC_IMPLEMENTATIONS = YES;
				CLANG_WARN_DIRECT_OBJC_ISA_USAGE = YES_ERROR;
				CLANG_WARN_DOCUMENTATION_COMMENTS = YES;
				CLANG_WARN_EMPTY_BODY = YES;
				CLANG_WARN_ENUM_CONVERSION = YES;
				CLANG_WARN_INFINITE_RECURSION = YES;
				CLANG_WARN_INT_CONVERSION = YES;
				CLANG_WARN_NON_LITERAL_NULL_CONVERSION = YES;
				CLANG_WARN_OBJC_IMPLICIT_RETAIN_SELF = YES;
				CLANG_WARN_OBJC_LITERAL_CONVERSION = YES;
				CLANG_WARN_OBJC_ROOT_CLASS = YES_ERROR;
				CLANG_WARN_QUOTED_INCLUDE_IN_FRAMEWORK_HEADER = YES;
				CLANG_WARN_RANGE_LOOP_ANALYSIS = YES;
				CLANG_WARN_STRICT_PROTOTYPES = YES;
				CLANG_WARN_SUSPICIOUS_MOVE = YES;
				CLANG_WARN_UNGUARDED_AVAILABILITY = YES_AGGRESSIVE;
				CLANG_WARN_UNREACHABLE_CODE = YES;
				CLANG_WARN__DUPLICATE_METHOD_MATCH = YES;
				COPY_PHASE_STRIP = NO;
				DEBUG_INFORMATION_FORMAT = dwarf;
				ENABLE_STRICT_OBJC_MSGSEND = YES;
				ENABLE_TESTABILITY = YES;
				GCC_C_LANGUAGE_STANDARD = gnu11;
				GCC_DYNAMIC_NO_PIC = NO;
				GCC_NO_COMMON_BLOCKS = YES;
				GCC_OPTIMIZATION_LEVEL = 0;
				GCC_PREPROCESSOR_DEFINITIONS = (
					"DEBUG=1",
					"$(inherited)",
				);
				GCC_WARN_64_TO_32_BIT_CONVERSION = YES;
				GCC_WARN_ABOUT_RETURN_TYPE = YES_ERROR;
				GCC_WARN_UNDECLARED_SELECTOR = YES;
				GCC_WARN_UNINITIALIZED_AUTOS = YES_AGGRESSIVE;
				GCC_WARN_UNUSED_FUNCTION = YES;
				GCC_WARN_UNUSED_VARIABLE = YES;
				IPHONEOS_DEPLOYMENT_TARGET = 14.2;
				MTL_ENABLE_DEBUG_INFO = INCLUDE_SOURCE;
				MTL_FAST_MATH = YES;
				ONLY_ACTIVE_ARCH = YES;
				SDKROOT = iphoneos;
				SWIFT_ACTIVE_COMPILATION_CONDITIONS = DEBUG;
				SWIFT_OPTIMIZATION_LEVEL = "-Onone";
			};
			name = Debug;
		};
		4904FFF725B35FF200B6C7B5 /* Release */ = {
			isa = XCBuildConfiguration;
			buildSettings = {
				ALWAYS_SEARCH_USER_PATHS = NO;
				CLANG_ANALYZER_NONNULL = YES;
				CLANG_ANALYZER_NUMBER_OBJECT_CONVERSION = YES_AGGRESSIVE;
				CLANG_CXX_LANGUAGE_STANDARD = "gnu++14";
				CLANG_CXX_LIBRARY = "libc++";
				CLANG_ENABLE_MODULES = YES;
				CLANG_ENABLE_OBJC_ARC = YES;
				CLANG_ENABLE_OBJC_WEAK = YES;
				CLANG_WARN_BLOCK_CAPTURE_AUTORELEASING = YES;
				CLANG_WARN_BOOL_CONVERSION = YES;
				CLANG_WARN_COMMA = YES;
				CLANG_WARN_CONSTANT_CONVERSION = YES;
				CLANG_WARN_DEPRECATED_OBJC_IMPLEMENTATIONS = YES;
				CLANG_WARN_DIRECT_OBJC_ISA_USAGE = YES_ERROR;
				CLANG_WARN_DOCUMENTATION_COMMENTS = YES;
				CLANG_WARN_EMPTY_BODY = YES;
				CLANG_WARN_ENUM_CONVERSION = YES;
				CLANG_WARN_INFINITE_RECURSION = YES;
				CLANG_WARN_INT_CONVERSION = YES;
				CLANG_WARN_NON_LITERAL_NULL_CONVERSION = YES;
				CLANG_WARN_OBJC_IMPLICIT_RETAIN_SELF = YES;
				CLANG_WARN_OBJC_LITERAL_CONVERSION = YES;
				CLANG_WARN_OBJC_ROOT_CLASS = YES_ERROR;
				CLANG_WARN_QUOTED_INCLUDE_IN_FRAMEWORK_HEADER = YES;
				CLANG_WARN_RANGE_LOOP_ANALYSIS = YES;
				CLANG_WARN_STRICT_PROTOTYPES = YES;
				CLANG_WARN_SUSPICIOUS_MOVE = YES;
				CLANG_WARN_UNGUARDED_AVAILABILITY = YES_AGGRESSIVE;
				CLANG_WARN_UNREACHABLE_CODE = YES;
				CLANG_WARN__DUPLICATE_METHOD_MATCH = YES;
				COPY_PHASE_STRIP = NO;
				DEBUG_INFORMATION_FORMAT = "dwarf-with-dsym";
				ENABLE_NS_ASSERTIONS = NO;
				ENABLE_STRICT_OBJC_MSGSEND = YES;
				GCC_C_LANGUAGE_STANDARD = gnu11;
				GCC_NO_COMMON_BLOCKS = YES;
				GCC_WARN_64_TO_32_BIT_CONVERSION = YES;
				GCC_WARN_ABOUT_RETURN_TYPE = YES_ERROR;
				GCC_WARN_UNDECLARED_SELECTOR = YES;
				GCC_WARN_UNINITIALIZED_AUTOS = YES_AGGRESSIVE;
				GCC_WARN_UNUSED_FUNCTION = YES;
				GCC_WARN_UNUSED_VARIABLE = YES;
				IPHONEOS_DEPLOYMENT_TARGET = 14.2;
				MTL_ENABLE_DEBUG_INFO = NO;
				MTL_FAST_MATH = YES;
				SDKROOT = iphoneos;
				SWIFT_COMPILATION_MODE = wholemodule;
				SWIFT_OPTIMIZATION_LEVEL = "-O";
				VALIDATE_PRODUCT = YES;
			};
			name = Release;
		};
		4904FFF925B35FF200B6C7B5 /* Debug */ = {
			isa = XCBuildConfiguration;
			baseConfigurationReference = 4904000E25B363A600B6C7B5 /* DemoAppDebug.xcconfig */;
			buildSettings = {
				ASSETCATALOG_COMPILER_APPICON_NAME = AppIcon;
				ASSETCATALOG_COMPILER_GLOBAL_ACCENT_COLOR_NAME = AccentColor;
				CODE_SIGN_STYLE = Automatic;
				DEVELOPMENT_ASSET_PATHS = "\"DemoBlog/Preview Content\"";
				ENABLE_PREVIEWS = YES;
				INFOPLIST_FILE = DemoBlog/Info.plist;
				IPHONEOS_DEPLOYMENT_TARGET = 14.0;
				LD_RUNPATH_SEARCH_PATHS = (
					"$(inherited)",
					"@executable_path/Frameworks",
				);
				PRODUCT_NAME = "$(TARGET_NAME)";
				SWIFT_VERSION = 5.0;
				TARGETED_DEVICE_FAMILY = "1,2";
			};
			name = Debug;
		};
		4904FFFA25B35FF200B6C7B5 /* Release */ = {
			isa = XCBuildConfiguration;
			baseConfigurationReference = 4904000F25B363B500B6C7B5 /* DemoAppRelease.xcconfig */;
			buildSettings = {
				ASSETCATALOG_COMPILER_APPICON_NAME = AppIcon;
				ASSETCATALOG_COMPILER_GLOBAL_ACCENT_COLOR_NAME = AccentColor;
				CODE_SIGN_STYLE = Automatic;
				DEVELOPMENT_ASSET_PATHS = "\"DemoBlog/Preview Content\"";
				ENABLE_PREVIEWS = YES;
				INFOPLIST_FILE = DemoBlog/Info.plist;
				IPHONEOS_DEPLOYMENT_TARGET = 14.0;
				LD_RUNPATH_SEARCH_PATHS = (
					"$(inherited)",
					"@executable_path/Frameworks",
				);
				PRODUCT_NAME = "$(TARGET_NAME)";
				SWIFT_VERSION = 5.0;
				TARGETED_DEVICE_FAMILY = "1,2";
			};
			name = Release;
		};
/* End XCBuildConfiguration section */

/* Begin XCConfigurationList section */
		4904FFE425B35FF000B6C7B5 /* Build configuration list for PBXProject "DemoBlog" */ = {
			isa = XCConfigurationList;
			buildConfigurations = (
				4904FFF625B35FF200B6C7B5 /* Debug */,
				4904FFF725B35FF200B6C7B5 /* Release */,
			);
			defaultConfigurationIsVisible = 0;
			defaultConfigurationName = Release;
		};
		4904FFF825B35FF200B6C7B5 /* Build configuration list for PBXNativeTarget "DemoBlog" */ = {
			isa = XCConfigurationList;
			buildConfigurations = (
				4904FFF925B35FF200B6C7B5 /* Debug */,
				4904FFFA25B35FF200B6C7B5 /* Release */,
			);
			defaultConfigurationIsVisible = 0;
			defaultConfigurationName = Release;
		};
/* End XCConfigurationList section */
	};
	rootObject = 4904FFE125B35FF000B6C7B5 /* Project object */;
}
